{
  "name": "rafiki",
  "lockfileVersion": 3,
  "requires": true,
  "packages": {
    "": {
      "dependencies": {
        "@expo-google-fonts/outfit": "^0.4.3"
      }
    },
    "node_modules/@expo-google-fonts/outfit": {
      "version": "0.4.3",
      "resolved": "https://registry.npmjs.org/@expo-google-fonts/outfit/-/outfit-0.4.3.tgz",
      "integrity": "sha512-2uQmDVJencWLllxds6SG92E+SjxyZfvg7eZKZ5XLHggmm5AuUyQK7lzMAFOUzT6kheq2kJ7BAiubMdjKT32fJg==",
      "license": "MIT AND OFL-1.1"
    }
  }
}
